
Microsoft Visual Studio Solution File, Format Version 12.00
# Visual Studio Version 16
VisualStudioVersion = 16.0.30517.126
MinimumVisualStudioVersion = 10.0.40219.1
Project("{FAE04EC0-301F-11D3-BF4B-00C04F79EFBC}") = "AssignmentTwo_N01458977", "AssignmentTwo_N01458977\AssignmentTwo_N01458977.csproj", "{469B878B-B37E-48B1-9A11-83186D154930}"
EndProject
Global
	GlobalSection(SolutionConfigurationPlatforms) = preSolution
		Debug|Any CPU = Debug|Any CPU
		Release|Any CPU = Release|Any CPU
	EndGlobalSection
	GlobalSection(ProjectConfigurationPlatforms) = postSolution
		{469B878B-B37E-48B1-9A11-83186D154930}.Debug|Any CPU.ActiveCfg = Debug|Any CPU
		{469B878B-B37E-48B1-9A11-83186D154930}.Debug|Any CPU.Build.0 = Debug|Any CPU
		{469B878B-B37E-48B1-9A11-83186D154930}.Release|Any CPU.ActiveCfg = Release|Any CPU
		{469B878B-B37E-48B1-9A11-83186D154930}.Release|Any CPU.Build.0 = Release|Any CPU
	EndGlobalSection
	GlobalSection(SolutionProperties) = preSolution
		HideSolutionNode = FALSE
	EndGlobalSection
	GlobalSection(ExtensibilityGlobals) = postSolution
		SolutionGuid = {A552AA27-9104-4FFD-9FFD-E3B46F0F798B}
	EndGlobalSection
EndGlobal
